
Microsoft Visual Studio Solution File, Format Version 12.00
# Visual Studio 15
VisualStudioVersion = 15.0.27309.0
MinimumVisualStudioVersion = 10.0.40219.1
Project("{9A19103F-16F7-4668-BE54-9A1E7A4F7556}") = "TestWebApi", "TestWebApi\TestWebApi.csproj", "{F6FEBD8F-CF5C-418B-9E84-11A8ACC5E5A5}"
EndProject
Project("{9A19103F-16F7-4668-BE54-9A1E7A4F7556}") = "AspNetConsoleApp", "AspNetConsoleApp\AspNetConsoleApp.csproj", "{9495FCC3-9A40-48EB-872E-D1A877D56275}"
EndProject
Project("{FAE04EC0-301F-11D3-BF4B-00C04F79EFBC}") = "TestConsoleApp", "TestConsoleApp\TestConsoleApp.csproj", "{E09690BE-2CF8-4A08-99D7-B82DE6B359AD}"
EndProject
Global
	GlobalSection(SolutionConfigurationPlatforms) = preSolution
		Debug|Any CPU = Debug|Any CPU
		Release|Any CPU = Release|Any CPU
	EndGlobalSection
	GlobalSection(ProjectConfigurationPlatforms) = postSolution
		{F6FEBD8F-CF5C-418B-9E84-11A8ACC5E5A5}.Debug|Any CPU.ActiveCfg = Debug|Any CPU
		{F6FEBD8F-CF5C-418B-9E84-11A8ACC5E5A5}.Debug|Any CPU.Build.0 = Debug|Any CPU
		{F6FEBD8F-CF5C-418B-9E84-11A8ACC5E5A5}.Release|Any CPU.ActiveCfg = Release|Any CPU
		{F6FEBD8F-CF5C-418B-9E84-11A8ACC5E5A5}.Release|Any CPU.Build.0 = Release|Any CPU
		{9495FCC3-9A40-48EB-872E-D1A877D56275}.Debug|Any CPU.ActiveCfg = Debug|Any CPU
		{9495FCC3-9A40-48EB-872E-D1A877D56275}.Debug|Any CPU.Build.0 = Debug|Any CPU
		{9495FCC3-9A40-48EB-872E-D1A877D56275}.Release|Any CPU.ActiveCfg = Release|Any CPU
		{9495FCC3-9A40-48EB-872E-D1A877D56275}.Release|Any CPU.Build.0 = Release|Any CPU
		{E09690BE-2CF8-4A08-99D7-B82DE6B359AD}.Debug|Any CPU.ActiveCfg = Debug|Any CPU
		{E09690BE-2CF8-4A08-99D7-B82DE6B359AD}.Debug|Any CPU.Build.0 = Debug|Any CPU
		{E09690BE-2CF8-4A08-99D7-B82DE6B359AD}.Release|Any CPU.ActiveCfg = Release|Any CPU
		{E09690BE-2CF8-4A08-99D7-B82DE6B359AD}.Release|Any CPU.Build.0 = Release|Any CPU
	EndGlobalSection
	GlobalSection(SolutionProperties) = preSolution
		HideSolutionNode = FALSE
	EndGlobalSection
	GlobalSection(ExtensibilityGlobals) = postSolution
		SolutionGuid = {260DBCC9-6480-4D0D-B378-77065014A080}
	EndGlobalSection
EndGlobal
